<?xml version="1.0" encoding="utf-8"?>
<Project ToolsVersion="4.0" xmlns="http://schemas.microsoft.com/developer/msbuild/2003">
  <ItemGroup>
    <Filter Include="Source Files">
      <UniqueIdentifier>{4FC737F1-C7A5-4376-A066-2A32D752A2FF}</UniqueIdentifier>
      <Extensions>cpp;c;cc;cxx;def;odl;idl;hpj;bat;asm;asmx</Extensions>
    </Filter>
    <Filter Include="Header Files">
      <UniqueIdentifier>{93995380-89BD-4b04-88EB-625FBE52EBFB}</UniqueIdentifier>
      <Extensions>h;hh;hpp;hxx;hm;inl;inc;xsd</Extensions>
    </Filter>
    <Filter Include="Resource Files">
      <UniqueIdentifier>{67DA6AB6-F800-4c08-8B7A-83BB121AAD01}</UniqueIdentifier>
      <Extensions>rc;ico;cur;bmp;dlg;rc2;rct;bin;rgs;gif;jpg;jpeg;jpe;resx;tiff;tif;png;wav;mfcribbon-ms</Extensions>
    </Filter>
  </ItemGroup>
  <ItemGroup>
    <ClCompile Include="UF.cpp">
      <Filter>Source Files</Filter>
    </ClCompile>
    <ClCompile Include="QuickFindUF.cpp">
      <Filter>Source Files</Filter>
    </ClCompile>
    <ClCompile Include="QuickUnionUF.cpp">
      <Filter>Source Files</Filter>
    </ClCompile>
    <ClCompile Include="WeightedQuickUnionUF.cpp">
      <Filter>Source Files</Filter>
    </ClCompile>
    <ClCompile Include="BinarySearch.cpp">
      <Filter>Source Files</Filter>
    </ClCompile>
    <ClCompile Include="Bag.cpp">
      <Filter>Source Files</Filter>
    </ClCompile>
    <ClCompile Include="Vector.cpp">
      <Filter>Source Files</Filter>
    </ClCompile>
    <ClCompile Include="Queue.cpp">
      <Filter>Source Files</Filter>
    </ClCompile>
    <ClCompile Include="Merge.cpp">
      <Filter>Source Files</Filter>
    </ClCompile>
    <ClCompile Include="MergeX.cpp">
      <Filter>Source Files</Filter>
    </ClCompile>
    <ClCompile Include="MergeBU.cpp">
      <Filter>Source Files</Filter>
    </ClCompile>
    <ClCompile Include="Shell.cpp">
      <Filter>Source Files</Filter>
    </ClCompile>
    <ClCompile Include="LinkedStack.cpp">
      <Filter>Source Files</Filter>
    </ClCompile>
    <ClCompile Include="MemoryLeakTests.cpp">
      <Filter>Source Files</Filter>
    </ClCompile>
    <ClCompile Include="LinkedBag.cpp">
      <Filter>Source Files</Filter>
    </ClCompile>
    <ClCompile Include="LinkedQueue.cpp">
      <Filter>Source Files</Filter>
    </ClCompile>
    <ClCompile Include="Stack.cpp">
      <Filter>Source Files</Filter>
    </ClCompile>
    <ClCompile Include="ResizingArrayBag.cpp">
      <Filter>Source Files</Filter>
    </ClCompile>
    <ClCompile Include="StdRandom.cpp">
      <Filter>Source Files</Filter>
    </ClCompile>
    <ClCompile Include="Quick.cpp">
      <Filter>Source Files</Filter>
    </ClCompile>
    <ClCompile Include="QuickX.cpp">
      <Filter>Source Files</Filter>
    </ClCompile>
    <ClCompile Include="Quick3way.cpp">
      <Filter>Source Files</Filter>
    </ClCompile>
    <ClCompile Include="Stopwatch.cpp">
      <Filter>Source Files</Filter>
    </ClCompile>
    <ClCompile Include="StopwatchWin32.cpp">
      <Filter>Source Files</Filter>
    </ClCompile>
    <ClCompile Include="Average.cpp">
      <Filter>Source Files</Filter>
    </ClCompile>
    <ClCompile Include="BST.cpp">
      <Filter>Source Files</Filter>
    </ClCompile>
    <ClCompile Include="Count.cpp">
      <Filter>Source Files</Filter>
    </ClCompile>
    <ClCompile Include="Counter.cpp">
      <Filter>Source Files</Filter>
    </ClCompile>
    <ClCompile Include="ThreeSum.cpp">
      <Filter>Source Files</Filter>
    </ClCompile>
    <ClCompile Include="ThreeSumFast.cpp">
      <Filter>Source Files</Filter>
    </ClCompile>
  </ItemGroup>
  <ItemGroup>
    <ClInclude Include="UF.h">
      <Filter>Header Files</Filter>
    </ClInclude>
    <ClInclude Include="QuickFindUF.h">
      <Filter>Header Files</Filter>
    </ClInclude>
    <ClInclude Include="QuickUnionUF.h">
      <Filter>Header Files</Filter>
    </ClInclude>
    <ClInclude Include="WeightedQuickUnionUF.h">
      <Filter>Header Files</Filter>
    </ClInclude>
    <ClInclude Include="BinarySearch.h">
      <Filter>Header Files</Filter>
    </ClInclude>
    <ClInclude Include="Bag.h">
      <Filter>Header Files</Filter>
    </ClInclude>
    <ClInclude Include="Vector.h">
      <Filter>Header Files</Filter>
    </ClInclude>
    <ClInclude Include="Queue.h">
      <Filter>Header Files</Filter>
    </ClInclude>
    <ClInclude Include="Merge.h">
      <Filter>Header Files</Filter>
    </ClInclude>
    <ClInclude Include="MergeX.h">
      <Filter>Header Files</Filter>
    </ClInclude>
    <ClInclude Include="MergeBU.h">
      <Filter>Header Files</Filter>
    </ClInclude>
    <ClInclude Include="Shell.h">
      <Filter>Header Files</Filter>
    </ClInclude>
    <ClInclude Include="LinkedStack.h">
      <Filter>Header Files</Filter>
    </ClInclude>
    <ClInclude Include="LinkedBag.h">
      <Filter>Header Files</Filter>
    </ClInclude>
    <ClInclude Include="LinkedQueue.h">
      <Filter>Header Files</Filter>
    </ClInclude>
    <ClInclude Include="Stack.h">
      <Filter>Header Files</Filter>
    </ClInclude>
    <ClInclude Include="ResizingArrayBag.h">
      <Filter>Header Files</Filter>
    </ClInclude>
    <ClInclude Include="Quick.h">
      <Filter>Header Files</Filter>
    </ClInclude>
    <ClInclude Include="StdRandom.h">
      <Filter>Header Files</Filter>
    </ClInclude>
    <ClInclude Include="QuickX.h">
      <Filter>Header Files</Filter>
    </ClInclude>
    <ClInclude Include="Quick3way.h">
      <Filter>Header Files</Filter>
    </ClInclude>
    <ClInclude Include="Stopwatch.h">
      <Filter>Header Files</Filter>
    </ClInclude>
    <ClInclude Include="StopwatchWin32.h">
      <Filter>Header Files</Filter>
    </ClInclude>
    <ClInclude Include="Average.h">
      <Filter>Header Files</Filter>
    </ClInclude>
    <ClInclude Include="BST.h">
      <Filter>Header Files</Filter>
    </ClInclude>
    <ClInclude Include="Count.h">
      <Filter>Header Files</Filter>
    </ClInclude>
    <ClInclude Include="Counter.h">
      <Filter>Header Files</Filter>
    </ClInclude>
    <ClInclude Include="ThreeSum.h">
      <Filter>Header Files</Filter>
    </ClInclude>
    <ClInclude Include="ThreeSumFast.h">
      <Filter>Header Files</Filter>
    </ClInclude>
  </ItemGroup>
</Project>